# This file is autogenerated, do not edit; changes may be undone by the next 'dep ensure'.


[[projects]]
  name = "github.com/RangelReale/osin"
  packages = ["."]
  revision = "7da44eb917fe702e84fd733dac03707e3ceccc08"

[[projects]]
  name = "github.com/davecgh/go-spew"
  packages = ["spew"]
  revision = "5215b55f46b2b919f50a1df0eaa5886afe4e3b3d"

[[projects]]
  name = "github.com/deckarep/golang-set"
  packages = ["."]
  revision = "1d4478f51bed434f1dadf96dcd9b43aabac66795"
  version = "v1.7"

[[projects]]
  name = "github.com/docker/libtrust"
  packages = ["."]
  revision = "9cbd2a1374f46905c68a4eb3694a130610adc62a"

[[projects]]
  name = "github.com/getsentry/raven-go"
  packages = ["."]
  revision = "3966f3ab8333308d76b6cc83a29776a266bbdd92"

[[projects]]
  name = "github.com/go-sql-driver/mysql"
  packages = ["."]
  revision = "66312f7fe2678aa0f5ec770f96702f4c4ec5aa8e"

[[projects]]
  name = "github.com/jmoiron/sqlx"
  packages = [
    ".",
    "reflectx"
  ]
  revision = "23a7b787ffc1205098c38f534c4bf3764ae7b713"

[[projects]]
  name = "github.com/julienschmidt/httprouter"
  packages = ["."]
  revision = "8c199fb6259ffc1af525cc3ad52ee60ba8359669"
  version = "v1.1"

[[projects]]
  name = "github.com/laincloud/sso"
  packages = [
    ".",
    "ssoldap",
    "ssoldap/user",
    "ssoldap/user/ldap",
    "ssolib",
    "ssolib/lock",
    "ssolib/models",
    "ssolib/models/app",
    "ssolib/models/group",
    "ssolib/models/iuser",
    "ssolib/models/oauth2",
    "ssolib/models/role",
    "ssolib/models/testbackend",
    "ssolib/models/testhelper",
    "ssolib/utils",
    "ssomysql",
    "ssomysql/user"
  ]
  revision = "664cc1925d5a74629f8dd6e0c90d7a8a24d54d4f"

[[projects]]
  branch = "master"
  name = "github.com/mendsley/gojwk"
  packages = ["."]
  revision = "4d5ec6e58103388d6cb0d7d72bc72649be4f0504"

[[projects]]
  name = "github.com/mijia/sweb"
  packages = [
    "form",
    "log",
    "render",
    "server"
  ]
  revision = "169a3affd5ea43b3aaaa81744a0b86ff89e2b3f3"

[[projects]]
  name = "github.com/oxtoacart/bpool"
  packages = ["."]
  revision = "89c3c7319abbd041bc0a83bdf10bcb8bd445287b"

[[projects]]
  name = "github.com/paulbellamy/ratecounter"
  packages = ["."]
  revision = "1f4ce68ee3b891b625b7fe6374f61c4d90c8035a"

[[projects]]
  name = "github.com/pborman/uuid"
  packages = ["."]
  revision = "cccd189d45f7ac3368a0d127efb7f4d08ae0b655"

[[projects]]
  name = "github.com/pmezard/go-difflib"
  packages = ["difflib"]
  revision = "792786c7400a136282c1664665ae0a8db921c6c2"
  version = "v1.0.0"

[[projects]]
  name = "github.com/stretchr/graceful"
  packages = ["."]
  revision = "49b853e77ab58c31be0d3ee87db62909b90ac93e"

[[projects]]
  name = "github.com/stretchr/testify"
  packages = ["assert"]
  revision = "6fe211e493929a8aac0469b93f28b1d0688a9a3a"

[[projects]]
  name = "golang.org/x/crypto"
  packages = [
    "bcrypt",
    "blowfish"
  ]
  revision = "c197bcf24cde29d3f73c7b4ac6fd41f4384e8af6"

[[projects]]
  name = "golang.org/x/net"
  packages = [
    "context",
    "netutil"
  ]
  revision = "991d3e32f76f19ee6d9caadb3a22eae8d23315f7"

[[projects]]
  name = "gopkg.in/asn1-ber.v1"
  packages = ["."]
  revision = "379148ca0225df7a432012b8df0355c2a2063ac0"
  version = "v1.2"

[[projects]]
  name = "gopkg.in/ldap.v2"
  packages = ["."]
  revision = "bb7a9ca6e4fbc2129e3db588a34bc970ffe811a9"
  version = "v2.5.1"

[solve-meta]
  analyzer-name = "dep"
  analyzer-version = 1
  inputs-digest = "874e4da4f84c7435969ea174d27d4edd84507cfd15523a2fff4627ada59352fd"
  solver-name = "gps-cdcl"
  solver-version = 1
